
Microsoft Visual Studio Solution File, Format Version 12.00
# Visual Studio Version 18
VisualStudioVersion = 18.3.11505.172 d18.3
MinimumVisualStudioVersion = 10.0.40219.1
Project("{FAE04EC0-301F-11D3-BF4B-00C04F79EFBC}") = "food-market-narrator", "food-market-narrator.csproj", "{BEE46ADF-23E7-2FCD-0797-9E130E04712A}"
EndProject
Global
	GlobalSection(SolutionConfigurationPlatforms) = preSolution
		Debug|Any CPU = Debug|Any CPU
		Debug|x64 = Debug|x64
		Debug|x86 = Debug|x86
		Release|Any CPU = Release|Any CPU
		Release|x64 = Release|x64
		Release|x86 = Release|x86
	EndGlobalSection
	GlobalSection(ProjectConfigurationPlatforms) = postSolution
		{BEE46ADF-23E7-2FCD-0797-9E130E04712A}.Debug|Any CPU.ActiveCfg = Debug|Any CPU
		{BEE46ADF-23E7-2FCD-0797-9E130E04712A}.Debug|Any CPU.Build.0 = Debug|Any CPU
		{BEE46ADF-23E7-2FCD-0797-9E130E04712A}.Debug|Any CPU.Deploy.0 = Debug|Any CPU
		{BEE46ADF-23E7-2FCD-0797-9E130E04712A}.Debug|x64.ActiveCfg = Debug|Any CPU
		{BEE46ADF-23E7-2FCD-0797-9E130E04712A}.Debug|x64.Build.0 = Debug|Any CPU
		{BEE46ADF-23E7-2FCD-0797-9E130E04712A}.Debug|x86.ActiveCfg = Debug|Any CPU
		{BEE46ADF-23E7-2FCD-0797-9E130E04712A}.Debug|x86.Build.0 = Debug|Any CPU
		{BEE46ADF-23E7-2FCD-0797-9E130E04712A}.Release|Any CPU.ActiveCfg = Release|Any CPU
		{BEE46ADF-23E7-2FCD-0797-9E130E04712A}.Release|Any CPU.Build.0 = Release|Any CPU
		{BEE46ADF-23E7-2FCD-0797-9E130E04712A}.Release|x64.ActiveCfg = Release|Any CPU
		{BEE46ADF-23E7-2FCD-0797-9E130E04712A}.Release|x64.Build.0 = Release|Any CPU
		{BEE46ADF-23E7-2FCD-0797-9E130E04712A}.Release|x86.ActiveCfg = Release|Any CPU
		{BEE46ADF-23E7-2FCD-0797-9E130E04712A}.Release|x86.Build.0 = Release|Any CPU
	EndGlobalSection
	GlobalSection(SolutionProperties) = preSolution
		HideSolutionNode = FALSE
	EndGlobalSection
	GlobalSection(ExtensibilityGlobals) = postSolution
		SolutionGuid = {F80F9A48-75E8-4049-A9EB-A2B15C88CA82}
	EndGlobalSection
EndGlobal
